
Microsoft Visual Studio Solution File, Format Version 12.00
Project("{FAE04EC0-301F-11D3-BF4B-00C04F79EFBC}") = "TaskOrchestratorAPI", "TaskOrchestratorAPI\TaskOrchestratorAPI.csproj", "{B94DDF12-2F0D-46AD-9DEB-848BAF1554EB}"
EndProject
Global
	GlobalSection(SolutionConfigurationPlatforms) = preSolution
		Debug|Any CPU = Debug|Any CPU
		Release|Any CPU = Release|Any CPU
	EndGlobalSection
	GlobalSection(ProjectConfigurationPlatforms) = postSolution
		{B94DDF12-2F0D-46AD-9DEB-848BAF1554EB}.Debug|Any CPU.ActiveCfg = Debug|Any CPU
		{B94DDF12-2F0D-46AD-9DEB-848BAF1554EB}.Debug|Any CPU.Build.0 = Debug|Any CPU
		{B94DDF12-2F0D-46AD-9DEB-848BAF1554EB}.Release|Any CPU.ActiveCfg = Release|Any CPU
		{B94DDF12-2F0D-46AD-9DEB-848BAF1554EB}.Release|Any CPU.Build.0 = Release|Any CPU
	EndGlobalSection
EndGlobal
